
Microsoft Visual Studio Solution File, Format Version 12.00
# Visual Studio Version 16
VisualStudioVersion = 16.0.31205.134
MinimumVisualStudioVersion = 10.0.40219.1
Project("{FAE04EC0-301F-11D3-BF4B-00C04F79EFBC}") = "Web_Cafe", "Web_Cafe\Web_Cafe.csproj", "{29FF866B-36C0-460D-AD10-6943A5A9FEB2}"
EndProject
Global
	GlobalSection(SolutionConfigurationPlatforms) = preSolution
		Debug|Any CPU = Debug|Any CPU
		Release|Any CPU = Release|Any CPU
	EndGlobalSection
	GlobalSection(ProjectConfigurationPlatforms) = postSolution
		{29FF866B-36C0-460D-AD10-6943A5A9FEB2}.Debug|Any CPU.ActiveCfg = Debug|Any CPU
		{29FF866B-36C0-460D-AD10-6943A5A9FEB2}.Debug|Any CPU.Build.0 = Debug|Any CPU
		{29FF866B-36C0-460D-AD10-6943A5A9FEB2}.Release|Any CPU.ActiveCfg = Release|Any CPU
		{29FF866B-36C0-460D-AD10-6943A5A9FEB2}.Release|Any CPU.Build.0 = Release|Any CPU
	EndGlobalSection
	GlobalSection(SolutionProperties) = preSolution
		HideSolutionNode = FALSE
	EndGlobalSection
	GlobalSection(ExtensibilityGlobals) = postSolution
		SolutionGuid = {2226B4F6-5EA8-4562-8592-73EEDB91950F}
	EndGlobalSection
EndGlobal
